
Microsoft Visual Studio Solution File, Format Version 12.00
# Visual Studio 15
VisualStudioVersion = 15.0.27703.2042
MinimumVisualStudioVersion = 10.0.40219.1
Project("{FAE04EC0-301F-11D3-BF4B-00C04F79EFBC}") = "Lockscreen Layout", "Lockscreen Layout\Lockscreen Layout.csproj", "{7F185ACC-909C-4DD1-8A8B-EC5BB55F75E2}"
EndProject
Global
	GlobalSection(SolutionConfigurationPlatforms) = preSolution
		Debug|Any CPU = Debug|Any CPU
		Release|Any CPU = Release|Any CPU
	EndGlobalSection
	GlobalSection(ProjectConfigurationPlatforms) = postSolution
		{7F185ACC-909C-4DD1-8A8B-EC5BB55F75E2}.Debug|Any CPU.ActiveCfg = Debug|Any CPU
		{7F185ACC-909C-4DD1-8A8B-EC5BB55F75E2}.Debug|Any CPU.Build.0 = Debug|Any CPU
		{7F185ACC-909C-4DD1-8A8B-EC5BB55F75E2}.Release|Any CPU.ActiveCfg = Release|Any CPU
		{7F185ACC-909C-4DD1-8A8B-EC5BB55F75E2}.Release|Any CPU.Build.0 = Release|Any CPU
	EndGlobalSection
	GlobalSection(SolutionProperties) = preSolution
		HideSolutionNode = FALSE
	EndGlobalSection
	GlobalSection(ExtensibilityGlobals) = postSolution
		SolutionGuid = {39F877C7-F4CD-4E7D-A562-A6B39B6B2DA5}
	EndGlobalSection
EndGlobal
